
Microsoft Visual Studio Solution File, Format Version 12.00
# Visual Studio 14
VisualStudioVersion = 14.0.23107.0
MinimumVisualStudioVersion = 10.0.40219.1
Project("{FAE04EC0-301F-11D3-BF4B-00C04F79EFBC}") = "TodoApp", "TodoApp\TodoApp.csproj", "{3382D4E3-B09D-46B0-8765-0A8EF5AF4A1A}"
EndProject
Project("{FAE04EC0-301F-11D3-BF4B-00C04F79EFBC}") = "TodoAppAPI", "TodoAppAPI\TodoAppAPI.csproj", "{7E0B7779-2079-4DF4-97E1-F859F81E44A0}"
EndProject
Global
	GlobalSection(SolutionConfigurationPlatforms) = preSolution
		Debug|Any CPU = Debug|Any CPU
		Release|Any CPU = Release|Any CPU
	EndGlobalSection
	GlobalSection(ProjectConfigurationPlatforms) = postSolution
		{3382D4E3-B09D-46B0-8765-0A8EF5AF4A1A}.Debug|Any CPU.ActiveCfg = Debug|Any CPU
		{3382D4E3-B09D-46B0-8765-0A8EF5AF4A1A}.Debug|Any CPU.Build.0 = Debug|Any CPU
		{3382D4E3-B09D-46B0-8765-0A8EF5AF4A1A}.Release|Any CPU.ActiveCfg = Release|Any CPU
		{3382D4E3-B09D-46B0-8765-0A8EF5AF4A1A}.Release|Any CPU.Build.0 = Release|Any CPU
		{7E0B7779-2079-4DF4-97E1-F859F81E44A0}.Debug|Any CPU.ActiveCfg = Debug|Any CPU
		{7E0B7779-2079-4DF4-97E1-F859F81E44A0}.Debug|Any CPU.Build.0 = Debug|Any CPU
		{7E0B7779-2079-4DF4-97E1-F859F81E44A0}.Release|Any CPU.ActiveCfg = Release|Any CPU
		{7E0B7779-2079-4DF4-97E1-F859F81E44A0}.Release|Any CPU.Build.0 = Release|Any CPU
	EndGlobalSection
	GlobalSection(SolutionProperties) = preSolution
		HideSolutionNode = FALSE
	EndGlobalSection
EndGlobal
